
Microsoft Visual Studio Solution File, Format Version 12.00
# Visual Studio 15
VisualStudioVersion = 15.0.26730.16
MinimumVisualStudioVersion = 10.0.40219.1
Project("{FAE04EC0-301F-11D3-BF4B-00C04F79EFBC}") = "102-3", "102-3.csproj", "{71BCC968-3604-4C92-ABDE-C51A3B291351}"
EndProject
Global
	GlobalSection(SolutionConfigurationPlatforms) = preSolution
		Debug|Any CPU = Debug|Any CPU
		Release|Any CPU = Release|Any CPU
	EndGlobalSection
	GlobalSection(ProjectConfigurationPlatforms) = postSolution
		{71BCC968-3604-4C92-ABDE-C51A3B291351}.Debug|Any CPU.ActiveCfg = Debug|Any CPU
		{71BCC968-3604-4C92-ABDE-C51A3B291351}.Debug|Any CPU.Build.0 = Debug|Any CPU
		{71BCC968-3604-4C92-ABDE-C51A3B291351}.Release|Any CPU.ActiveCfg = Release|Any CPU
		{71BCC968-3604-4C92-ABDE-C51A3B291351}.Release|Any CPU.Build.0 = Release|Any CPU
	EndGlobalSection
	GlobalSection(SolutionProperties) = preSolution
		HideSolutionNode = FALSE
	EndGlobalSection
	GlobalSection(ExtensibilityGlobals) = postSolution
		SolutionGuid = {DAD3D711-2E77-4E1E-8898-35BC027CB95A}
	EndGlobalSection
EndGlobal
