
Microsoft Visual Studio Solution File, Format Version 12.00
# Visual Studio 15
VisualStudioVersion = 15.0.26730.16
MinimumVisualStudioVersion = 10.0.40219.1
Project("{FAE04EC0-301F-11D3-BF4B-00C04F79EFBC}") = "模擬1_Q3", "模擬1_Q3.csproj", "{8AA5ACFE-60AD-450B-A2B0-3114994B16AD}"
EndProject
Global
	GlobalSection(SolutionConfigurationPlatforms) = preSolution
		Debug|Any CPU = Debug|Any CPU
		Release|Any CPU = Release|Any CPU
	EndGlobalSection
	GlobalSection(ProjectConfigurationPlatforms) = postSolution
		{8AA5ACFE-60AD-450B-A2B0-3114994B16AD}.Debug|Any CPU.ActiveCfg = Debug|Any CPU
		{8AA5ACFE-60AD-450B-A2B0-3114994B16AD}.Debug|Any CPU.Build.0 = Debug|Any CPU
		{8AA5ACFE-60AD-450B-A2B0-3114994B16AD}.Release|Any CPU.ActiveCfg = Release|Any CPU
		{8AA5ACFE-60AD-450B-A2B0-3114994B16AD}.Release|Any CPU.Build.0 = Release|Any CPU
	EndGlobalSection
	GlobalSection(SolutionProperties) = preSolution
		HideSolutionNode = FALSE
	EndGlobalSection
	GlobalSection(ExtensibilityGlobals) = postSolution
		SolutionGuid = {55F12156-4B1F-46AA-B62B-F87E73773BBF}
	EndGlobalSection
EndGlobal
