
Microsoft Visual Studio Solution File, Format Version 12.00
# Visual Studio 15
VisualStudioVersion = 15.0.26730.16
MinimumVisualStudioVersion = 10.0.40219.1
Project("{FAE04EC0-301F-11D3-BF4B-00C04F79EFBC}") = "99-4", "99-4.csproj", "{24280090-B9D5-4F37-AE50-189001D50726}"
EndProject
Global
	GlobalSection(SolutionConfigurationPlatforms) = preSolution
		Debug|Any CPU = Debug|Any CPU
		Release|Any CPU = Release|Any CPU
	EndGlobalSection
	GlobalSection(ProjectConfigurationPlatforms) = postSolution
		{24280090-B9D5-4F37-AE50-189001D50726}.Debug|Any CPU.ActiveCfg = Debug|Any CPU
		{24280090-B9D5-4F37-AE50-189001D50726}.Debug|Any CPU.Build.0 = Debug|Any CPU
		{24280090-B9D5-4F37-AE50-189001D50726}.Release|Any CPU.ActiveCfg = Release|Any CPU
		{24280090-B9D5-4F37-AE50-189001D50726}.Release|Any CPU.Build.0 = Release|Any CPU
	EndGlobalSection
	GlobalSection(SolutionProperties) = preSolution
		HideSolutionNode = FALSE
	EndGlobalSection
	GlobalSection(ExtensibilityGlobals) = postSolution
		SolutionGuid = {969E1228-F195-4559-8B05-FF3B97781930}
	EndGlobalSection
EndGlobal
