
Microsoft Visual Studio Solution File, Format Version 12.00
# Visual Studio 15
VisualStudioVersion = 15.0.26730.16
MinimumVisualStudioVersion = 10.0.40219.1
Project("{FAE04EC0-301F-11D3-BF4B-00C04F79EFBC}") = "模擬2_Q5", "模擬2_Q5.csproj", "{9F252588-BF33-402C-9C9F-200D858BE67D}"
EndProject
Global
	GlobalSection(SolutionConfigurationPlatforms) = preSolution
		Debug|Any CPU = Debug|Any CPU
		Release|Any CPU = Release|Any CPU
	EndGlobalSection
	GlobalSection(ProjectConfigurationPlatforms) = postSolution
		{9F252588-BF33-402C-9C9F-200D858BE67D}.Debug|Any CPU.ActiveCfg = Debug|Any CPU
		{9F252588-BF33-402C-9C9F-200D858BE67D}.Debug|Any CPU.Build.0 = Debug|Any CPU
		{9F252588-BF33-402C-9C9F-200D858BE67D}.Release|Any CPU.ActiveCfg = Release|Any CPU
		{9F252588-BF33-402C-9C9F-200D858BE67D}.Release|Any CPU.Build.0 = Release|Any CPU
	EndGlobalSection
	GlobalSection(SolutionProperties) = preSolution
		HideSolutionNode = FALSE
	EndGlobalSection
	GlobalSection(ExtensibilityGlobals) = postSolution
		SolutionGuid = {EBFE4429-8A3C-4AB7-AC02-6E9DDF9FB418}
	EndGlobalSection
EndGlobal
