
Microsoft Visual Studio Solution File, Format Version 12.00
# Visual Studio 15
VisualStudioVersion = 15.0.26730.16
MinimumVisualStudioVersion = 10.0.40219.1
Project("{FAE04EC0-301F-11D3-BF4B-00C04F79EFBC}") = "99-5", "99-5.csproj", "{25C71CEB-4051-4B78-852B-DD71DB6B899E}"
EndProject
Global
	GlobalSection(SolutionConfigurationPlatforms) = preSolution
		Debug|Any CPU = Debug|Any CPU
		Release|Any CPU = Release|Any CPU
	EndGlobalSection
	GlobalSection(ProjectConfigurationPlatforms) = postSolution
		{25C71CEB-4051-4B78-852B-DD71DB6B899E}.Debug|Any CPU.ActiveCfg = Debug|Any CPU
		{25C71CEB-4051-4B78-852B-DD71DB6B899E}.Debug|Any CPU.Build.0 = Debug|Any CPU
		{25C71CEB-4051-4B78-852B-DD71DB6B899E}.Release|Any CPU.ActiveCfg = Release|Any CPU
		{25C71CEB-4051-4B78-852B-DD71DB6B899E}.Release|Any CPU.Build.0 = Release|Any CPU
	EndGlobalSection
	GlobalSection(SolutionProperties) = preSolution
		HideSolutionNode = FALSE
	EndGlobalSection
	GlobalSection(ExtensibilityGlobals) = postSolution
		SolutionGuid = {CFD1C700-F35A-4263-90C1-08E120A31A34}
	EndGlobalSection
EndGlobal
