
Microsoft Visual Studio Solution File, Format Version 12.00
# Visual Studio 15
VisualStudioVersion = 15.0.26730.16
MinimumVisualStudioVersion = 10.0.40219.1
Project("{FAE04EC0-301F-11D3-BF4B-00C04F79EFBC}") = "105-5", "105-5.csproj", "{0645E023-B953-469B-A2F7-0A1B5BC24832}"
EndProject
Global
	GlobalSection(SolutionConfigurationPlatforms) = preSolution
		Debug|Any CPU = Debug|Any CPU
		Release|Any CPU = Release|Any CPU
	EndGlobalSection
	GlobalSection(ProjectConfigurationPlatforms) = postSolution
		{0645E023-B953-469B-A2F7-0A1B5BC24832}.Debug|Any CPU.ActiveCfg = Debug|Any CPU
		{0645E023-B953-469B-A2F7-0A1B5BC24832}.Debug|Any CPU.Build.0 = Debug|Any CPU
		{0645E023-B953-469B-A2F7-0A1B5BC24832}.Release|Any CPU.ActiveCfg = Release|Any CPU
		{0645E023-B953-469B-A2F7-0A1B5BC24832}.Release|Any CPU.Build.0 = Release|Any CPU
	EndGlobalSection
	GlobalSection(SolutionProperties) = preSolution
		HideSolutionNode = FALSE
	EndGlobalSection
	GlobalSection(ExtensibilityGlobals) = postSolution
		SolutionGuid = {E7A897B3-97E2-4529-BB39-2D764379E718}
	EndGlobalSection
EndGlobal
