
Microsoft Visual Studio Solution File, Format Version 12.00
# Visual Studio 15
VisualStudioVersion = 15.0.26730.16
MinimumVisualStudioVersion = 10.0.40219.1
Project("{FAE04EC0-301F-11D3-BF4B-00C04F79EFBC}") = "模擬2_Q4", "模擬2_Q4.csproj", "{CDA45E94-5B01-41DF-8EBE-973A610C8AD9}"
EndProject
Global
	GlobalSection(SolutionConfigurationPlatforms) = preSolution
		Debug|Any CPU = Debug|Any CPU
		Release|Any CPU = Release|Any CPU
	EndGlobalSection
	GlobalSection(ProjectConfigurationPlatforms) = postSolution
		{CDA45E94-5B01-41DF-8EBE-973A610C8AD9}.Debug|Any CPU.ActiveCfg = Debug|Any CPU
		{CDA45E94-5B01-41DF-8EBE-973A610C8AD9}.Debug|Any CPU.Build.0 = Debug|Any CPU
		{CDA45E94-5B01-41DF-8EBE-973A610C8AD9}.Release|Any CPU.ActiveCfg = Release|Any CPU
		{CDA45E94-5B01-41DF-8EBE-973A610C8AD9}.Release|Any CPU.Build.0 = Release|Any CPU
	EndGlobalSection
	GlobalSection(SolutionProperties) = preSolution
		HideSolutionNode = FALSE
	EndGlobalSection
	GlobalSection(ExtensibilityGlobals) = postSolution
		SolutionGuid = {149CE5F0-CA21-48DE-AACD-0A0A16DD4E84}
	EndGlobalSection
EndGlobal
