
Microsoft Visual Studio Solution File, Format Version 12.00
# Visual Studio 15
VisualStudioVersion = 15.0.26730.16
MinimumVisualStudioVersion = 10.0.40219.1
Project("{FAE04EC0-301F-11D3-BF4B-00C04F79EFBC}") = "96-3", "96-3.csproj", "{8F26834C-9952-4575-9265-B812AD363081}"
EndProject
Global
	GlobalSection(SolutionConfigurationPlatforms) = preSolution
		Debug|Any CPU = Debug|Any CPU
		Release|Any CPU = Release|Any CPU
	EndGlobalSection
	GlobalSection(ProjectConfigurationPlatforms) = postSolution
		{8F26834C-9952-4575-9265-B812AD363081}.Debug|Any CPU.ActiveCfg = Debug|Any CPU
		{8F26834C-9952-4575-9265-B812AD363081}.Debug|Any CPU.Build.0 = Debug|Any CPU
		{8F26834C-9952-4575-9265-B812AD363081}.Release|Any CPU.ActiveCfg = Release|Any CPU
		{8F26834C-9952-4575-9265-B812AD363081}.Release|Any CPU.Build.0 = Release|Any CPU
	EndGlobalSection
	GlobalSection(SolutionProperties) = preSolution
		HideSolutionNode = FALSE
	EndGlobalSection
	GlobalSection(ExtensibilityGlobals) = postSolution
		SolutionGuid = {A14FC1B6-B93D-4A26-96DF-59A7EC89F788}
	EndGlobalSection
EndGlobal
