
Microsoft Visual Studio Solution File, Format Version 12.00
# Visual Studio 15
VisualStudioVersion = 15.0.26730.15
MinimumVisualStudioVersion = 10.0.40219.1
Project("{FAE04EC0-301F-11D3-BF4B-00C04F79EFBC}") = "101-6", "101-6.csproj", "{8B16B3CB-61F2-410B-BC2F-0A6ACC1A062E}"
EndProject
Global
	GlobalSection(SolutionConfigurationPlatforms) = preSolution
		Debug|Any CPU = Debug|Any CPU
		Release|Any CPU = Release|Any CPU
	EndGlobalSection
	GlobalSection(ProjectConfigurationPlatforms) = postSolution
		{8B16B3CB-61F2-410B-BC2F-0A6ACC1A062E}.Debug|Any CPU.ActiveCfg = Debug|Any CPU
		{8B16B3CB-61F2-410B-BC2F-0A6ACC1A062E}.Debug|Any CPU.Build.0 = Debug|Any CPU
		{8B16B3CB-61F2-410B-BC2F-0A6ACC1A062E}.Release|Any CPU.ActiveCfg = Release|Any CPU
		{8B16B3CB-61F2-410B-BC2F-0A6ACC1A062E}.Release|Any CPU.Build.0 = Release|Any CPU
	EndGlobalSection
	GlobalSection(SolutionProperties) = preSolution
		HideSolutionNode = FALSE
	EndGlobalSection
	GlobalSection(ExtensibilityGlobals) = postSolution
		SolutionGuid = {2E34D031-A1DD-4A30-AB3B-47304B39B017}
	EndGlobalSection
EndGlobal
