
Microsoft Visual Studio Solution File, Format Version 12.00
# Visual Studio 15
VisualStudioVersion = 15.0.26730.16
MinimumVisualStudioVersion = 10.0.40219.1
Project("{FAE04EC0-301F-11D3-BF4B-00C04F79EFBC}") = "96-2", "96-2.csproj", "{7A054928-E168-4FFB-B1B4-3CB42BE46EE0}"
EndProject
Global
	GlobalSection(SolutionConfigurationPlatforms) = preSolution
		Debug|Any CPU = Debug|Any CPU
		Release|Any CPU = Release|Any CPU
	EndGlobalSection
	GlobalSection(ProjectConfigurationPlatforms) = postSolution
		{7A054928-E168-4FFB-B1B4-3CB42BE46EE0}.Debug|Any CPU.ActiveCfg = Debug|Any CPU
		{7A054928-E168-4FFB-B1B4-3CB42BE46EE0}.Debug|Any CPU.Build.0 = Debug|Any CPU
		{7A054928-E168-4FFB-B1B4-3CB42BE46EE0}.Release|Any CPU.ActiveCfg = Release|Any CPU
		{7A054928-E168-4FFB-B1B4-3CB42BE46EE0}.Release|Any CPU.Build.0 = Release|Any CPU
	EndGlobalSection
	GlobalSection(SolutionProperties) = preSolution
		HideSolutionNode = FALSE
	EndGlobalSection
	GlobalSection(ExtensibilityGlobals) = postSolution
		SolutionGuid = {FCE2D995-9D16-45F2-82D7-235852246E81}
	EndGlobalSection
EndGlobal
