
Microsoft Visual Studio Solution File, Format Version 12.00
# Visual Studio 15
VisualStudioVersion = 15.0.26730.16
MinimumVisualStudioVersion = 10.0.40219.1
Project("{FAE04EC0-301F-11D3-BF4B-00C04F79EFBC}") = "97-1", "97-1.csproj", "{F176EFAC-9B64-4674-806A-4F13E96B502F}"
EndProject
Global
	GlobalSection(SolutionConfigurationPlatforms) = preSolution
		Debug|Any CPU = Debug|Any CPU
		Release|Any CPU = Release|Any CPU
	EndGlobalSection
	GlobalSection(ProjectConfigurationPlatforms) = postSolution
		{F176EFAC-9B64-4674-806A-4F13E96B502F}.Debug|Any CPU.ActiveCfg = Debug|Any CPU
		{F176EFAC-9B64-4674-806A-4F13E96B502F}.Debug|Any CPU.Build.0 = Debug|Any CPU
		{F176EFAC-9B64-4674-806A-4F13E96B502F}.Release|Any CPU.ActiveCfg = Release|Any CPU
		{F176EFAC-9B64-4674-806A-4F13E96B502F}.Release|Any CPU.Build.0 = Release|Any CPU
	EndGlobalSection
	GlobalSection(SolutionProperties) = preSolution
		HideSolutionNode = FALSE
	EndGlobalSection
	GlobalSection(ExtensibilityGlobals) = postSolution
		SolutionGuid = {F034954C-ADB3-4830-A0D1-85F219E912F4}
	EndGlobalSection
EndGlobal
