
Microsoft Visual Studio Solution File, Format Version 12.00
# Visual Studio 15
VisualStudioVersion = 15.0.26730.16
MinimumVisualStudioVersion = 10.0.40219.1
Project("{FAE04EC0-301F-11D3-BF4B-00C04F79EFBC}") = "101-3", "101-3.csproj", "{8768BFE5-7513-4E5C-BB03-91EB98DC74F6}"
EndProject
Global
	GlobalSection(SolutionConfigurationPlatforms) = preSolution
		Debug|Any CPU = Debug|Any CPU
		Release|Any CPU = Release|Any CPU
	EndGlobalSection
	GlobalSection(ProjectConfigurationPlatforms) = postSolution
		{8768BFE5-7513-4E5C-BB03-91EB98DC74F6}.Debug|Any CPU.ActiveCfg = Debug|Any CPU
		{8768BFE5-7513-4E5C-BB03-91EB98DC74F6}.Debug|Any CPU.Build.0 = Debug|Any CPU
		{8768BFE5-7513-4E5C-BB03-91EB98DC74F6}.Release|Any CPU.ActiveCfg = Release|Any CPU
		{8768BFE5-7513-4E5C-BB03-91EB98DC74F6}.Release|Any CPU.Build.0 = Release|Any CPU
	EndGlobalSection
	GlobalSection(SolutionProperties) = preSolution
		HideSolutionNode = FALSE
	EndGlobalSection
	GlobalSection(ExtensibilityGlobals) = postSolution
		SolutionGuid = {74E0B143-A742-465E-8A58-15B01B9D1C70}
	EndGlobalSection
EndGlobal
