
Microsoft Visual Studio Solution File, Format Version 12.00
# Visual Studio 15
VisualStudioVersion = 15.0.26730.16
MinimumVisualStudioVersion = 10.0.40219.1
Project("{FAE04EC0-301F-11D3-BF4B-00C04F79EFBC}") = "96-5", "96-5.csproj", "{6D211AB7-0CC7-409C-8193-3D31D20FD40F}"
EndProject
Global
	GlobalSection(SolutionConfigurationPlatforms) = preSolution
		Debug|Any CPU = Debug|Any CPU
		Release|Any CPU = Release|Any CPU
	EndGlobalSection
	GlobalSection(ProjectConfigurationPlatforms) = postSolution
		{6D211AB7-0CC7-409C-8193-3D31D20FD40F}.Debug|Any CPU.ActiveCfg = Debug|Any CPU
		{6D211AB7-0CC7-409C-8193-3D31D20FD40F}.Debug|Any CPU.Build.0 = Debug|Any CPU
		{6D211AB7-0CC7-409C-8193-3D31D20FD40F}.Release|Any CPU.ActiveCfg = Release|Any CPU
		{6D211AB7-0CC7-409C-8193-3D31D20FD40F}.Release|Any CPU.Build.0 = Release|Any CPU
	EndGlobalSection
	GlobalSection(SolutionProperties) = preSolution
		HideSolutionNode = FALSE
	EndGlobalSection
	GlobalSection(ExtensibilityGlobals) = postSolution
		SolutionGuid = {9200F8E4-1096-4701-8B2D-3CBCEE5AAD24}
	EndGlobalSection
EndGlobal
