
Microsoft Visual Studio Solution File, Format Version 12.00
# Visual Studio 15
VisualStudioVersion = 15.0.26730.16
MinimumVisualStudioVersion = 10.0.40219.1
Project("{FAE04EC0-301F-11D3-BF4B-00C04F79EFBC}") = "模擬2_Q1", "模擬2_Q1.csproj", "{06A06DBE-0EAB-4AAA-B057-A5236A085924}"
EndProject
Global
	GlobalSection(SolutionConfigurationPlatforms) = preSolution
		Debug|Any CPU = Debug|Any CPU
		Release|Any CPU = Release|Any CPU
	EndGlobalSection
	GlobalSection(ProjectConfigurationPlatforms) = postSolution
		{06A06DBE-0EAB-4AAA-B057-A5236A085924}.Debug|Any CPU.ActiveCfg = Debug|Any CPU
		{06A06DBE-0EAB-4AAA-B057-A5236A085924}.Debug|Any CPU.Build.0 = Debug|Any CPU
		{06A06DBE-0EAB-4AAA-B057-A5236A085924}.Release|Any CPU.ActiveCfg = Release|Any CPU
		{06A06DBE-0EAB-4AAA-B057-A5236A085924}.Release|Any CPU.Build.0 = Release|Any CPU
	EndGlobalSection
	GlobalSection(SolutionProperties) = preSolution
		HideSolutionNode = FALSE
	EndGlobalSection
	GlobalSection(ExtensibilityGlobals) = postSolution
		SolutionGuid = {F3D04055-AF4F-45DE-8E00-306531A87A3A}
	EndGlobalSection
EndGlobal
