
Microsoft Visual Studio Solution File, Format Version 12.00
# Visual Studio 15
VisualStudioVersion = 15.0.26730.16
MinimumVisualStudioVersion = 10.0.40219.1
Project("{FAE04EC0-301F-11D3-BF4B-00C04F79EFBC}") = "96-1", "96-1.csproj", "{9C304F25-F32F-43E0-B660-6D0A3F4DD171}"
EndProject
Global
	GlobalSection(SolutionConfigurationPlatforms) = preSolution
		Debug|Any CPU = Debug|Any CPU
		Release|Any CPU = Release|Any CPU
	EndGlobalSection
	GlobalSection(ProjectConfigurationPlatforms) = postSolution
		{9C304F25-F32F-43E0-B660-6D0A3F4DD171}.Debug|Any CPU.ActiveCfg = Debug|Any CPU
		{9C304F25-F32F-43E0-B660-6D0A3F4DD171}.Debug|Any CPU.Build.0 = Debug|Any CPU
		{9C304F25-F32F-43E0-B660-6D0A3F4DD171}.Release|Any CPU.ActiveCfg = Release|Any CPU
		{9C304F25-F32F-43E0-B660-6D0A3F4DD171}.Release|Any CPU.Build.0 = Release|Any CPU
	EndGlobalSection
	GlobalSection(SolutionProperties) = preSolution
		HideSolutionNode = FALSE
	EndGlobalSection
	GlobalSection(ExtensibilityGlobals) = postSolution
		SolutionGuid = {D5318DB8-F5C7-4B9A-A53C-589EBE32DE7E}
	EndGlobalSection
EndGlobal
